
Microsoft Visual Studio Solution File, Format Version 12.00
# Visual Studio Version 17
VisualStudioVersion = 17.1.32210.238
MinimumVisualStudioVersion = 10.0.40219.1
Project("{FAE04EC0-301F-11D3-BF4B-00C04F79EFBC}") = "RefOutPractice", "RefOutPractice\RefOutPractice.csproj", "{48126962-B509-4465-88FF-983A27319036}"
EndProject
Global
	GlobalSection(SolutionConfigurationPlatforms) = preSolution
		Debug|Any CPU = Debug|Any CPU
		Release|Any CPU = Release|Any CPU
	EndGlobalSection
	GlobalSection(ProjectConfigurationPlatforms) = postSolution
		{48126962-B509-4465-88FF-983A27319036}.Debug|Any CPU.ActiveCfg = Debug|Any CPU
		{48126962-B509-4465-88FF-983A27319036}.Debug|Any CPU.Build.0 = Debug|Any CPU
		{48126962-B509-4465-88FF-983A27319036}.Release|Any CPU.ActiveCfg = Release|Any CPU
		{48126962-B509-4465-88FF-983A27319036}.Release|Any CPU.Build.0 = Release|Any CPU
	EndGlobalSection
	GlobalSection(SolutionProperties) = preSolution
		HideSolutionNode = FALSE
	EndGlobalSection
	GlobalSection(ExtensibilityGlobals) = postSolution
		SolutionGuid = {5CC9B776-9487-461A-B285-1D38568F4D32}
	EndGlobalSection
EndGlobal
